// !$*UTF8*$!
{
	archiveVersion = 1;
	classes = {
	};
	objectVersion = 56;
	objects = {

/* Begin PBXBuildFile section */
		E271C83028E4C95E00BBD1C7 /* UserService.swift in Sources */ = {isa = PBXBuildFile; fileRef = E271C82F28E4C95E00BBD1C7 /* UserService.swift */; };
		E284FECE28E4A1B300161EC5 /* WhatAreTheOddsApp.swift in Sources */ = {isa = PBXBuildFile; fileRef = E284FECD28E4A1B300161EC5 /* WhatAreTheOddsApp.swift */; };
		E284FED028E4A1B300161EC5 /* ContentView.swift in Sources */ = {isa = PBXBuildFile; fileRef = E284FECF28E4A1B300161EC5 /* ContentView.swift */; };
		E284FED228E4A1B500161EC5 /* Assets.xcassets in Resources */ = {isa = PBXBuildFile; fileRef = E284FED128E4A1B500161EC5 /* Assets.xcassets */; };
		E284FED528E4A1B500161EC5 /* Preview Assets.xcassets in Resources */ = {isa = PBXBuildFile; fileRef = E284FED428E4A1B500161EC5 /* Preview Assets.xcassets */; };
		E284FEE028E4A22700161EC5 /* User.swift in Sources */ = {isa = PBXBuildFile; fileRef = E284FEDF28E4A22700161EC5 /* User.swift */; };
		E284FEE328E4A2E500161EC5 /* GoogleService-Info.plist in Resources */ = {isa = PBXBuildFile; fileRef = E284FEE228E4A2E500161EC5 /* GoogleService-Info.plist */; };
		E284FEE628E4A37F00161EC5 /* FirebaseAuth in Frameworks */ = {isa = PBXBuildFile; productRef = E284FEE528E4A37F00161EC5 /* FirebaseAuth */; };
		E284FEE828E4A37F00161EC5 /* FirebaseDatabase in Frameworks */ = {isa = PBXBuildFile; productRef = E284FEE728E4A37F00161EC5 /* FirebaseDatabase */; };
		E284FEEA28E4A37F00161EC5 /* FirebaseDatabaseSwift in Frameworks */ = {isa = PBXBuildFile; productRef = E284FEE928E4A37F00161EC5 /* FirebaseDatabaseSwift */; };
		E284FEEC28E4A37F00161EC5 /* FirebaseFirestore in Frameworks */ = {isa = PBXBuildFile; productRef = E284FEEB28E4A37F00161EC5 /* FirebaseFirestore */; };
		E284FEEE28E4A37F00161EC5 /* FirebaseFirestoreSwift in Frameworks */ = {isa = PBXBuildFile; productRef = E284FEED28E4A37F00161EC5 /* FirebaseFirestoreSwift */; };
		E284FEF028E4A37F00161EC5 /* FirebaseStorage in Frameworks */ = {isa = PBXBuildFile; productRef = E284FEEF28E4A37F00161EC5 /* FirebaseStorage */; };
		E284FEF228E4A3F000161EC5 /* AuthViewModel.swift in Sources */ = {isa = PBXBuildFile; fileRef = E284FEF128E4A3F000161EC5 /* AuthViewModel.swift */; };
		E284FEF428E4A6B300161EC5 /* LoginView.swift in Sources */ = {isa = PBXBuildFile; fileRef = E284FEF328E4A6B300161EC5 /* LoginView.swift */; };
		E284FEF628E4A6F600161EC5 /* AuthHeaderView.swift in Sources */ = {isa = PBXBuildFile; fileRef = E284FEF528E4A6F600161EC5 /* AuthHeaderView.swift */; };
		E284FEF828E4A72400161EC5 /* CustomInputField.swift in Sources */ = {isa = PBXBuildFile; fileRef = E284FEF728E4A72400161EC5 /* CustomInputField.swift */; };
		E284FEFA28E4A89F00161EC5 /* RegistrationView.swift in Sources */ = {isa = PBXBuildFile; fileRef = E284FEF928E4A89F00161EC5 /* RegistrationView.swift */; };
/* End PBXBuildFile section */

/* Begin PBXFileReference section */
		E271C82F28E4C95E00BBD1C7 /* UserService.swift */ = {isa = PBXFileReference; lastKnownFileType = sourcecode.swift; path = UserService.swift; sourceTree = "<group>"; };
		E284FECA28E4A1B300161EC5 /* WhatAreTheOdds.app */ = {isa = PBXFileReference; explicitFileType = wrapper.application; includeInIndex = 0; path = WhatAreTheOdds.app; sourceTree = BUILT_PRODUCTS_DIR; };
		E284FECD28E4A1B300161EC5 /* WhatAreTheOddsApp.swift */ = {isa = PBXFileReference; lastKnownFileType = sourcecode.swift; path = WhatAreTheOddsApp.swift; sourceTree = "<group>"; };
		E284FECF28E4A1B300161EC5 /* ContentView.swift */ = {isa = PBXFileReference; lastKnownFileType = sourcecode.swift; path = ContentView.swift; sourceTree = "<group>"; };
		E284FED128E4A1B500161EC5 /* Assets.xcassets */ = {isa = PBXFileReference; lastKnownFileType = folder.assetcatalog; path = Assets.xcassets; sourceTree = "<group>"; };
		E284FED428E4A1B500161EC5 /* Preview Assets.xcassets */ = {isa = PBXFileReference; lastKnownFileType = folder.assetcatalog; path = "Preview Assets.xcassets"; sourceTree = "<group>"; };
		E284FEDF28E4A22700161EC5 /* User.swift */ = {isa = PBXFileReference; lastKnownFileType = sourcecode.swift; path = User.swift; sourceTree = "<group>"; };
		E284FEE228E4A2E500161EC5 /* GoogleService-Info.plist */ = {isa = PBXFileReference; fileEncoding = 4; lastKnownFileType = text.plist.xml; path = "GoogleService-Info.plist"; sourceTree = "<group>"; };
		E284FEF128E4A3F000161EC5 /* AuthViewModel.swift */ = {isa = PBXFileReference; lastKnownFileType = sourcecode.swift; path = AuthViewModel.swift; sourceTree = "<group>"; };
		E284FEF328E4A6B300161EC5 /* LoginView.swift */ = {isa = PBXFileReference; lastKnownFileType = sourcecode.swift; path = LoginView.swift; sourceTree = "<group>"; };
		E284FEF528E4A6F600161EC5 /* AuthHeaderView.swift */ = {isa = PBXFileReference; lastKnownFileType = sourcecode.swift; path = AuthHeaderView.swift; sourceTree = "<group>"; };
		E284FEF728E4A72400161EC5 /* CustomInputField.swift */ = {isa = PBXFileReference; lastKnownFileType = sourcecode.swift; path = CustomInputField.swift; sourceTree = "<group>"; };
		E284FEF928E4A89F00161EC5 /* RegistrationView.swift */ = {isa = PBXFileReference; lastKnownFileType = sourcecode.swift; path = RegistrationView.swift; sourceTree = "<group>"; };
/* End PBXFileReference section */

/* Begin PBXFrameworksBuildPhase section */
		E284FEC728E4A1B300161EC5 /* Frameworks */ = {
			isa = PBXFrameworksBuildPhase;
			buildActionMask = 2147483647;
			files = (
				E284FEEE28E4A37F00161EC5 /* FirebaseFirestoreSwift in Frameworks */,
				E284FEEA28E4A37F00161EC5 /* FirebaseDatabaseSwift in Frameworks */,
				E284FEEC28E4A37F00161EC5 /* FirebaseFirestore in Frameworks */,
				E284FEE828E4A37F00161EC5 /* FirebaseDatabase in Frameworks */,
				E284FEE628E4A37F00161EC5 /* FirebaseAuth in Frameworks */,
				E284FEF028E4A37F00161EC5 /* FirebaseStorage in Frameworks */,
			);
			runOnlyForDeploymentPostprocessing = 0;
		};
/* End PBXFrameworksBuildPhase section */

/* Begin PBXGroup section */
		E284FEC128E4A1B300161EC5 = {
			isa = PBXGroup;
			children = (
				E284FECC28E4A1B300161EC5 /* WhatAreTheOdds */,
				E284FECB28E4A1B300161EC5 /* Products */,
			);
			sourceTree = "<group>";
		};
		E284FECB28E4A1B300161EC5 /* Products */ = {
			isa = PBXGroup;
			children = (
				E284FECA28E4A1B300161EC5 /* WhatAreTheOdds.app */,
			);
			name = Products;
			sourceTree = "<group>";
		};
		E284FECC28E4A1B300161EC5 /* WhatAreTheOdds */ = {
			isa = PBXGroup;
			children = (
				E284FEE228E4A2E500161EC5 /* GoogleService-Info.plist */,
				E284FEDE28E4A21B00161EC5 /* User */,
				E284FEDB28E4A1DD00161EC5 /* Authentication */,
				E284FECD28E4A1B300161EC5 /* WhatAreTheOddsApp.swift */,
				E284FECF28E4A1B300161EC5 /* ContentView.swift */,
				E284FED128E4A1B500161EC5 /* Assets.xcassets */,
				E284FED328E4A1B500161EC5 /* Preview Content */,
			);
			path = WhatAreTheOdds;
			sourceTree = "<group>";
		};
		E284FED328E4A1B500161EC5 /* Preview Content */ = {
			isa = PBXGroup;
			children = (
				E284FED428E4A1B500161EC5 /* Preview Assets.xcassets */,
			);
			path = "Preview Content";
			sourceTree = "<group>";
		};
		E284FEDB28E4A1DD00161EC5 /* Authentication */ = {
			isa = PBXGroup;
			children = (
				E284FEDD28E4A20000161EC5 /* ViewModel */,
				E284FEDC28E4A1FA00161EC5 /* Views */,
			);
			path = Authentication;
			sourceTree = "<group>";
		};
		E284FEDC28E4A1FA00161EC5 /* Views */ = {
			isa = PBXGroup;
			children = (
				E284FEF328E4A6B300161EC5 /* LoginView.swift */,
				E284FEF528E4A6F600161EC5 /* AuthHeaderView.swift */,
				E284FEF728E4A72400161EC5 /* CustomInputField.swift */,
				E284FEF928E4A89F00161EC5 /* RegistrationView.swift */,
			);
			path = Views;
			sourceTree = "<group>";
		};
		E284FEDD28E4A20000161EC5 /* ViewModel */ = {
			isa = PBXGroup;
			children = (
				E284FEF128E4A3F000161EC5 /* AuthViewModel.swift */,
			);
			path = ViewModel;
			sourceTree = "<group>";
		};
		E284FEDE28E4A21B00161EC5 /* User */ = {
			isa = PBXGroup;
			children = (
				E284FEDF28E4A22700161EC5 /* User.swift */,
				E271C82F28E4C95E00BBD1C7 /* UserService.swift */,
			);
			path = User;
			sourceTree = "<group>";
		};
/* End PBXGroup section */

/* Begin PBXNativeTarget section */
		E284FEC928E4A1B300161EC5 /* WhatAreTheOdds */ = {
			isa = PBXNativeTarget;
			buildConfigurationList = E284FED828E4A1B500161EC5 /* Build configuration list for PBXNativeTarget "WhatAreTheOdds" */;
			buildPhases = (
				E284FEC628E4A1B300161EC5 /* Sources */,
				E284FEC728E4A1B300161EC5 /* Frameworks */,
				E284FEC828E4A1B300161EC5 /* Resources */,
			);
			buildRules = (
			);
			dependencies = (
			);
			name = WhatAreTheOdds;
			packageProductDependencies = (
				E284FEE528E4A37F00161EC5 /* FirebaseAuth */,
				E284FEE728E4A37F00161EC5 /* FirebaseDatabase */,
				E284FEE928E4A37F00161EC5 /* FirebaseDatabaseSwift */,
				E284FEEB28E4A37F00161EC5 /* FirebaseFirestore */,
				E284FEED28E4A37F00161EC5 /* FirebaseFirestoreSwift */,
				E284FEEF28E4A37F00161EC5 /* FirebaseStorage */,
			);
			productName = WhatAreTheOdds;
			productReference = E284FECA28E4A1B300161EC5 /* WhatAreTheOdds.app */;
			productType = "com.apple.product-type.application";
		};
/* End PBXNativeTarget section */

/* Begin PBXProject section */
		E284FEC228E4A1B300161EC5 /* Project object */ = {
			isa = PBXProject;
			attributes = {
				BuildIndependentTargetsInParallel = 1;
				LastSwiftUpdateCheck = 1400;
				LastUpgradeCheck = 1400;
				TargetAttributes = {
					E284FEC928E4A1B300161EC5 = {
						CreatedOnToolsVersion = 14.0;
					};
				};
			};
			buildConfigurationList = E284FEC528E4A1B300161EC5 /* Build configuration list for PBXProject "WhatAreTheOdds" */;
			compatibilityVersion = "Xcode 14.0";
			developmentRegion = en;
			hasScannedForEncodings = 0;
			knownRegions = (
				en,
				Base,
			);
			mainGroup = E284FEC128E4A1B300161EC5;
			packageReferences = (
				E284FEE428E4A37F00161EC5 /* XCRemoteSwiftPackageReference "firebase-ios-sdk" */,
			);
			productRefGroup = E284FECB28E4A1B300161EC5 /* Products */;
			projectDirPath = "";
			projectRoot = "";
			targets = (
				E284FEC928E4A1B300161EC5 /* WhatAreTheOdds */,
			);
		};
/* End PBXProject section */

/* Begin PBXResourcesBuildPhase section */
		E284FEC828E4A1B300161EC5 /* Resources */ = {
			isa = PBXResourcesBuildPhase;
			buildActionMask = 2147483647;
			files = (
				E284FED528E4A1B500161EC5 /* Preview Assets.xcassets in Resources */,
				E284FED228E4A1B500161EC5 /* Assets.xcassets in Resources */,
				E284FEE328E4A2E500161EC5 /* GoogleService-Info.plist in Resources */,
			);
			runOnlyForDeploymentPostprocessing = 0;
		};
/* End PBXResourcesBuildPhase section */

/* Begin PBXSourcesBuildPhase section */
		E284FEC628E4A1B300161EC5 /* Sources */ = {
			isa = PBXSourcesBuildPhase;
			buildActionMask = 2147483647;
			files = (
				E284FEF228E4A3F000161EC5 /* AuthViewModel.swift in Sources */,
				E284FEF628E4A6F600161EC5 /* AuthHeaderView.swift in Sources */,
				E271C83028E4C95E00BBD1C7 /* UserService.swift in Sources */,
				E284FED028E4A1B300161EC5 /* ContentView.swift in Sources */,
				E284FECE28E4A1B300161EC5 /* WhatAreTheOddsApp.swift in Sources */,
				E284FEF828E4A72400161EC5 /* CustomInputField.swift in Sources */,
				E284FEF428E4A6B300161EC5 /* LoginView.swift in Sources */,
				E284FEE028E4A22700161EC5 /* User.swift in Sources */,
				E284FEFA28E4A89F00161EC5 /* RegistrationView.swift in Sources */,
			);
			runOnlyForDeploymentPostprocessing = 0;
		};
/* End PBXSourcesBuildPhase section */

/* Begin XCBuildConfiguration section */
		E284FED628E4A1B500161EC5 /* Debug */ = {
			isa = XCBuildConfiguration;
			buildSettings = {
				ALWAYS_SEARCH_USER_PATHS = NO;
				CLANG_ANALYZER_NONNULL = YES;
				CLANG_ANALYZER_NUMBER_OBJECT_CONVERSION = YES_AGGRESSIVE;
				CLANG_CXX_LANGUAGE_STANDARD = "gnu++20";
				CLANG_ENABLE_MODULES = YES;
				CLANG_ENABLE_OBJC_ARC = YES;
				CLANG_ENABLE_OBJC_WEAK = YES;
				CLANG_WARN_BLOCK_CAPTURE_AUTORELEASING = YES;
				CLANG_WARN_BOOL_CONVERSION = YES;
				CLANG_WARN_COMMA = YES;
				CLANG_WARN_CONSTANT_CONVERSION = YES;
				CLANG_WARN_DEPRECATED_OBJC_IMPLEMENTATIONS = YES;
				CLANG_WARN_DIRECT_OBJC_ISA_USAGE = YES_ERROR;
				CLANG_WARN_DOCUMENTATION_COMMENTS = YES;
				CLANG_WARN_EMPTY_BODY = YES;
				CLANG_WARN_ENUM_CONVERSION = YES;
				CLANG_WARN_INFINITE_RECURSION = YES;
				CLANG_WARN_INT_CONVERSION = YES;
				CLANG_WARN_NON_LITERAL_NULL_CONVERSION = YES;
				CLANG_WARN_OBJC_IMPLICIT_RETAIN_SELF = YES;
				CLANG_WARN_OBJC_LITERAL_CONVERSION = YES;
				CLANG_WARN_OBJC_ROOT_CLASS = YES_ERROR;
				CLANG_WARN_QUOTED_INCLUDE_IN_FRAMEWORK_HEADER = YES;
				CLANG_WARN_RANGE_LOOP_ANALYSIS = YES;
				CLANG_WARN_STRICT_PROTOTYPES = YES;
				CLANG_WARN_SUSPICIOUS_MOVE = YES;
				CLANG_WARN_UNGUARDED_AVAILABILITY = YES_AGGRESSIVE;
				CLANG_WARN_UNREACHABLE_CODE = YES;
				CLANG_WARN__DUPLICATE_METHOD_MATCH = YES;
				COPY_PHASE_STRIP = NO;
				DEBUG_INFORMATION_FORMAT = dwarf;
				ENABLE_STRICT_OBJC_MSGSEND = YES;
				ENABLE_TESTABILITY = YES;
				GCC_C_LANGUAGE_STANDARD = gnu11;
				GCC_DYNAMIC_NO_PIC = NO;
				GCC_NO_COMMON_BLOCKS = YES;
				GCC_OPTIMIZATION_LEVEL = 0;
				GCC_PREPROCESSOR_DEFINITIONS = (
					"DEBUG=1",
					"$(inherited)",
				);
				GCC_WARN_64_TO_32_BIT_CONVERSION = YES;
				GCC_WARN_ABOUT_RETURN_TYPE = YES_ERROR;
				GCC_WARN_UNDECLARED_SELECTOR = YES;
				GCC_WARN_UNINITIALIZED_AUTOS = YES_AGGRESSIVE;
				GCC_WARN_UNUSED_FUNCTION = YES;
				GCC_WARN_UNUSED_VARIABLE = YES;
				IPHONEOS_DEPLOYMENT_TARGET = 16.0;
				MTL_ENABLE_DEBUG_INFO = INCLUDE_SOURCE;
				MTL_FAST_MATH = YES;
				ONLY_ACTIVE_ARCH = YES;
				SDKROOT = iphoneos;
				SWIFT_ACTIVE_COMPILATION_CONDITIONS = DEBUG;
				SWIFT_OPTIMIZATION_LEVEL = "-Onone";
			};
			name = Debug;
		};
		E284FED728E4A1B500161EC5 /* Release */ = {
			isa = XCBuildConfiguration;
			buildSettings = {
				ALWAYS_SEARCH_USER_PATHS = NO;
				CLANG_ANALYZER_NONNULL = YES;
				CLANG_ANALYZER_NUMBER_OBJECT_CONVERSION = YES_AGGRESSIVE;
				CLANG_CXX_LANGUAGE_STANDARD = "gnu++20";
				CLANG_ENABLE_MODULES = YES;
				CLANG_ENABLE_OBJC_ARC = YES;
				CLANG_ENABLE_OBJC_WEAK = YES;
				CLANG_WARN_BLOCK_CAPTURE_AUTORELEASING = YES;
				CLANG_WARN_BOOL_CONVERSION = YES;
				CLANG_WARN_COMMA = YES;
				CLANG_WARN_CONSTANT_CONVERSION = YES;
				CLANG_WARN_DEPRECATED_OBJC_IMPLEMENTATIONS = YES;
				CLANG_WARN_DIRECT_OBJC_ISA_USAGE = YES_ERROR;
				CLANG_WARN_DOCUMENTATION_COMMENTS = YES;
				CLANG_WARN_EMPTY_BODY = YES;
				CLANG_WARN_ENUM_CONVERSION = YES;
				CLANG_WARN_INFINITE_RECURSION = YES;
				CLANG_WARN_INT_CONVERSION = YES;
				CLANG_WARN_NON_LITERAL_NULL_CONVERSION = YES;
				CLANG_WARN_OBJC_IMPLICIT_RETAIN_SELF = YES;
				CLANG_WARN_OBJC_LITERAL_CONVERSION = YES;
				CLANG_WARN_OBJC_ROOT_CLASS = YES_ERROR;
				CLANG_WARN_QUOTED_INCLUDE_IN_FRAMEWORK_HEADER = YES;
				CLANG_WARN_RANGE_LOOP_ANALYSIS = YES;
				CLANG_WARN_STRICT_PROTOTYPES = YES;
				CLANG_WARN_SUSPICIOUS_MOVE = YES;
				CLANG_WARN_UNGUARDED_AVAILABILITY = YES_AGGRESSIVE;
				CLANG_WARN_UNREACHABLE_CODE = YES;
				CLANG_WARN__DUPLICATE_METHOD_MATCH = YES;
				COPY_PHASE_STRIP = NO;
				DEBUG_INFORMATION_FORMAT = "dwarf-with-dsym";
				ENABLE_NS_ASSERTIONS = NO;
				ENABLE_STRICT_OBJC_MSGSEND = YES;
				GCC_C_LANGUAGE_STANDARD = gnu11;
				GCC_NO_COMMON_BLOCKS = YES;
				GCC_WARN_64_TO_32_BIT_CONVERSION = YES;
				GCC_WARN_ABOUT_RETURN_TYPE = YES_ERROR;
				GCC_WARN_UNDECLARED_SELECTOR = YES;
				GCC_WARN_UNINITIALIZED_AUTOS = YES_AGGRESSIVE;
				GCC_WARN_UNUSED_FUNCTION = YES;
				GCC_WARN_UNUSED_VARIABLE = YES;
				IPHONEOS_DEPLOYMENT_TARGET = 16.0;
				MTL_ENABLE_DEBUG_INFO = NO;
				MTL_FAST_MATH = YES;
				SDKROOT = iphoneos;
				SWIFT_COMPILATION_MODE = wholemodule;
				SWIFT_OPTIMIZATION_LEVEL = "-O";
				VALIDATE_PRODUCT = YES;
			};
			name = Release;
		};
		E284FED928E4A1B500161EC5 /* Debug */ = {
			isa = XCBuildConfiguration;
			buildSettings = {
				ASSETCATALOG_COMPILER_APPICON_NAME = AppIcon;
				ASSETCATALOG_COMPILER_GLOBAL_ACCENT_COLOR_NAME = AccentColor;
				CODE_SIGN_STYLE = Automatic;
				CURRENT_PROJECT_VERSION = 1;
				DEVELOPMENT_ASSET_PATHS = "\"WhatAreTheOdds/Preview Content\"";
				DEVELOPMENT_TEAM = S59F37T63C;
				ENABLE_PREVIEWS = YES;
				GENERATE_INFOPLIST_FILE = YES;
				INFOPLIST_KEY_UIApplicationSceneManifest_Generation = YES;
				INFOPLIST_KEY_UIApplicationSupportsIndirectInputEvents = YES;
				INFOPLIST_KEY_UILaunchScreen_Generation = YES;
				INFOPLIST_KEY_UISupportedInterfaceOrientations_iPad = "UIInterfaceOrientationPortrait UIInterfaceOrientationPortraitUpsideDown UIInterfaceOrientationLandscapeLeft UIInterfaceOrientationLandscapeRight";
				INFOPLIST_KEY_UISupportedInterfaceOrientations_iPhone = "UIInterfaceOrientationPortrait UIInterfaceOrientationLandscapeLeft UIInterfaceOrientationLandscapeRight";
				LD_RUNPATH_SEARCH_PATHS = (
					"$(inherited)",
					"@executable_path/Frameworks",
				);
				MARKETING_VERSION = 1.0;
				PRODUCT_BUNDLE_IDENTIFIER = com.lawlessthomas.WhatAreTheOdds;
				PRODUCT_NAME = "$(TARGET_NAME)";
				SWIFT_EMIT_LOC_STRINGS = YES;
				SWIFT_VERSION = 5.0;
				TARGETED_DEVICE_FAMILY = "1,2";
			};
			name = Debug;
		};
		E284FEDA28E4A1B500161EC5 /* Release */ = {
			isa = XCBuildConfiguration;
			buildSettings = {
				ASSETCATALOG_COMPILER_APPICON_NAME = AppIcon;
				ASSETCATALOG_COMPILER_GLOBAL_ACCENT_COLOR_NAME = AccentColor;
				CODE_SIGN_STYLE = Automatic;
				CURRENT_PROJECT_VERSION = 1;
				DEVELOPMENT_ASSET_PATHS = "\"WhatAreTheOdds/Preview Content\"";
				DEVELOPMENT_TEAM = S59F37T63C;
				ENABLE_PREVIEWS = YES;
				GENERATE_INFOPLIST_FILE = YES;
				INFOPLIST_KEY_UIApplicationSceneManifest_Generation = YES;
				INFOPLIST_KEY_UIApplicationSupportsIndirectInputEvents = YES;
				INFOPLIST_KEY_UILaunchScreen_Generation = YES;
				INFOPLIST_KEY_UISupportedInterfaceOrientations_iPad = "UIInterfaceOrientationPortrait UIInterfaceOrientationPortraitUpsideDown UIInterfaceOrientationLandscapeLeft UIInterfaceOrientationLandscapeRight";
				INFOPLIST_KEY_UISupportedInterfaceOrientations_iPhone = "UIInterfaceOrientationPortrait UIInterfaceOrientationLandscapeLeft UIInterfaceOrientationLandscapeRight";
				LD_RUNPATH_SEARCH_PATHS = (
					"$(inherited)",
					"@executable_path/Frameworks",
				);
				MARKETING_VERSION = 1.0;
				PRODUCT_BUNDLE_IDENTIFIER = com.lawlessthomas.WhatAreTheOdds;
				PRODUCT_NAME = "$(TARGET_NAME)";
				SWIFT_EMIT_LOC_STRINGS = YES;
				SWIFT_VERSION = 5.0;
				TARGETED_DEVICE_FAMILY = "1,2";
			};
			name = Release;
		};
/* End XCBuildConfiguration section */

/* Begin XCConfigurationList section */
		E284FEC528E4A1B300161EC5 /* Build configuration list for PBXProject "WhatAreTheOdds" */ = {
			isa = XCConfigurationList;
			buildConfigurations = (
				E284FED628E4A1B500161EC5 /* Debug */,
				E284FED728E4A1B500161EC5 /* Release */,
			);
			defaultConfigurationIsVisible = 0;
			defaultConfigurationName = Release;
		};
		E284FED828E4A1B500161EC5 /* Build configuration list for PBXNativeTarget "WhatAreTheOdds" */ = {
			isa = XCConfigurationList;
			buildConfigurations = (
				E284FED928E4A1B500161EC5 /* Debug */,
				E284FEDA28E4A1B500161EC5 /* Release */,
			);
			defaultConfigurationIsVisible = 0;
			defaultConfigurationName = Release;
		};
/* End XCConfigurationList section */

/* Begin XCRemoteSwiftPackageReference section */
		E284FEE428E4A37F00161EC5 /* XCRemoteSwiftPackageReference "firebase-ios-sdk" */ = {
			isa = XCRemoteSwiftPackageReference;
			repositoryURL = "https://github.com/firebase/firebase-ios-sdk";
			requirement = {
				kind = upToNextMajorVersion;
				minimumVersion = 9.0.0;
			};
		};
/* End XCRemoteSwiftPackageReference section */

/* Begin XCSwiftPackageProductDependency section */
		E284FEE528E4A37F00161EC5 /* FirebaseAuth */ = {
			isa = XCSwiftPackageProductDependency;
			package = E284FEE428E4A37F00161EC5 /* XCRemoteSwiftPackageReference "firebase-ios-sdk" */;
			productName = FirebaseAuth;
		};
		E284FEE728E4A37F00161EC5 /* FirebaseDatabase */ = {
			isa = XCSwiftPackageProductDependency;
			package = E284FEE428E4A37F00161EC5 /* XCRemoteSwiftPackageReference "firebase-ios-sdk" */;
			productName = FirebaseDatabase;
		};
		E284FEE928E4A37F00161EC5 /* FirebaseDatabaseSwift */ = {
			isa = XCSwiftPackageProductDependency;
			package = E284FEE428E4A37F00161EC5 /* XCRemoteSwiftPackageReference "firebase-ios-sdk" */;
			productName = FirebaseDatabaseSwift;
		};
		E284FEEB28E4A37F00161EC5 /* FirebaseFirestore */ = {
			isa = XCSwiftPackageProductDependency;
			package = E284FEE428E4A37F00161EC5 /* XCRemoteSwiftPackageReference "firebase-ios-sdk" */;
			productName = FirebaseFirestore;
		};
		E284FEED28E4A37F00161EC5 /* FirebaseFirestoreSwift */ = {
			isa = XCSwiftPackageProductDependency;
			package = E284FEE428E4A37F00161EC5 /* XCRemoteSwiftPackageReference "firebase-ios-sdk" */;
			productName = FirebaseFirestoreSwift;
		};
		E284FEEF28E4A37F00161EC5 /* FirebaseStorage */ = {
			isa = XCSwiftPackageProductDependency;
			package = E284FEE428E4A37F00161EC5 /* XCRemoteSwiftPackageReference "firebase-ios-sdk" */;
			productName = FirebaseStorage;
		};
/* End XCSwiftPackageProductDependency section */
	};
	rootObject = E284FEC228E4A1B300161EC5 /* Project object */;
}
